// !$*UTF8*$!
{
	archiveVersion = 1;
	classes = {
	};
	objectVersion = 50;
	objects = {

/* Begin PBXBuildFile section */
		F3CC9CA12158D90900C96AED /* LFSRKeyGen.swift in Sources */ = {isa = PBXBuildFile; fileRef = F3CC9CA02158D90900C96AED /* LFSRKeyGen.swift */; };
		F3CC9CA32158DE5F00C96AED /* MainVIewController.swift in Sources */ = {isa = PBXBuildFile; fileRef = F3CC9CA22158DE5F00C96AED /* MainVIewController.swift */; };
		F3FD93C5214EF70C00A2C3CB /* AppDelegate.swift in Sources */ = {isa = PBXBuildFile; fileRef = F3FD93C4214EF70C00A2C3CB /* AppDelegate.swift */; };
		F3FD93C7214EF70C00A2C3CB /* ViewController.swift in Sources */ = {isa = PBXBuildFile; fileRef = F3FD93C6214EF70C00A2C3CB /* ViewController.swift */; };
		F3FD93C9214EF70D00A2C3CB /* Assets.xcassets in Resources */ = {isa = PBXBuildFile; fileRef = F3FD93C8214EF70D00A2C3CB /* Assets.xcassets */; };
		F3FD93CC214EF70D00A2C3CB /* Main.storyboard in Resources */ = {isa = PBXBuildFile; fileRef = F3FD93CA214EF70D00A2C3CB /* Main.storyboard */; };
/* End PBXBuildFile section */

/* Begin PBXFileReference section */
		F3CC9CA02158D90900C96AED /* LFSRKeyGen.swift */ = {isa = PBXFileReference; lastKnownFileType = sourcecode.swift; path = LFSRKeyGen.swift; sourceTree = "<group>"; };
		F3CC9CA22158DE5F00C96AED /* MainVIewController.swift */ = {isa = PBXFileReference; lastKnownFileType = sourcecode.swift; path = MainVIewController.swift; sourceTree = "<group>"; };
		F3CC9CA4215917A800C96AED /* LFSR Stream cipher.entitlements */ = {isa = PBXFileReference; lastKnownFileType = text.plist.entitlements; path = "LFSR Stream cipher.entitlements"; sourceTree = "<group>"; };
		F3FD93C1214EF70C00A2C3CB /* LFSR Stream cipher.app */ = {isa = PBXFileReference; explicitFileType = wrapper.application; includeInIndex = 0; path = "LFSR Stream cipher.app"; sourceTree = BUILT_PRODUCTS_DIR; };
		F3FD93C4214EF70C00A2C3CB /* AppDelegate.swift */ = {isa = PBXFileReference; lastKnownFileType = sourcecode.swift; path = AppDelegate.swift; sourceTree = "<group>"; };
		F3FD93C6214EF70C00A2C3CB /* ViewController.swift */ = {isa = PBXFileReference; lastKnownFileType = sourcecode.swift; path = ViewController.swift; sourceTree = "<group>"; };
		F3FD93C8214EF70D00A2C3CB /* Assets.xcassets */ = {isa = PBXFileReference; lastKnownFileType = folder.assetcatalog; path = Assets.xcassets; sourceTree = "<group>"; };
		F3FD93CB214EF70D00A2C3CB /* Base */ = {isa = PBXFileReference; lastKnownFileType = file.storyboard; name = Base; path = Base.lproj/Main.storyboard; sourceTree = "<group>"; };
		F3FD93CD214EF70D00A2C3CB /* Info.plist */ = {isa = PBXFileReference; lastKnownFileType = text.plist.xml; path = Info.plist; sourceTree = "<group>"; };
		F3FD93CE214EF70D00A2C3CB /* LFSR_Stream_cipher.entitlements */ = {isa = PBXFileReference; lastKnownFileType = text.plist.entitlements; path = LFSR_Stream_cipher.entitlements; sourceTree = "<group>"; };
/* End PBXFileReference section */

/* Begin PBXFrameworksBuildPhase section */
		F3FD93BE214EF70C00A2C3CB /* Frameworks */ = {
			isa = PBXFrameworksBuildPhase;
			buildActionMask = 2147483647;
			files = (
			);
			runOnlyForDeploymentPostprocessing = 0;
		};
/* End PBXFrameworksBuildPhase section */

/* Begin PBXGroup section */
		F3CC9CA5215934D800C96AED /* LFSR */ = {
			isa = PBXGroup;
			children = (
				F3CC9CA02158D90900C96AED /* LFSRKeyGen.swift */,
			);
			path = LFSR;
			sourceTree = "<group>";
		};
		F3CC9CA6215934FD00C96AED /* ViewControllers */ = {
			isa = PBXGroup;
			children = (
				F3CC9CA22158DE5F00C96AED /* MainVIewController.swift */,
			);
			path = ViewControllers;
			sourceTree = "<group>";
		};
		F3FD93B8214EF70C00A2C3CB = {
			isa = PBXGroup;
			children = (
				F3FD93C3214EF70C00A2C3CB /* LFSR Stream cipher */,
				F3FD93C2214EF70C00A2C3CB /* Products */,
			);
			sourceTree = "<group>";
		};
		F3FD93C2214EF70C00A2C3CB /* Products */ = {
			isa = PBXGroup;
			children = (
				F3FD93C1214EF70C00A2C3CB /* LFSR Stream cipher.app */,
			);
			name = Products;
			sourceTree = "<group>";
		};
		F3FD93C3214EF70C00A2C3CB /* LFSR Stream cipher */ = {
			isa = PBXGroup;
			children = (
				F3CC9CA4215917A800C96AED /* LFSR Stream cipher.entitlements */,
				F3FD93C4214EF70C00A2C3CB /* AppDelegate.swift */,
				F3FD93C6214EF70C00A2C3CB /* ViewController.swift */,
				F3CC9CA6215934FD00C96AED /* ViewControllers */,
				F3FD93C8214EF70D00A2C3CB /* Assets.xcassets */,
				F3CC9CA5215934D800C96AED /* LFSR */,
				F3FD93CA214EF70D00A2C3CB /* Main.storyboard */,
				F3FD93CD214EF70D00A2C3CB /* Info.plist */,
				F3FD93CE214EF70D00A2C3CB /* LFSR_Stream_cipher.entitlements */,
			);
			path = "LFSR Stream cipher";
			sourceTree = "<group>";
		};
/* End PBXGroup section */

/* Begin PBXNativeTarget section */
		F3FD93C0214EF70C00A2C3CB /* LFSR Stream cipher */ = {
			isa = PBXNativeTarget;
			buildConfigurationList = F3FD93D1214EF70D00A2C3CB /* Build configuration list for PBXNativeTarget "LFSR Stream cipher" */;
			buildPhases = (
				F3FD93BD214EF70C00A2C3CB /* Sources */,
				F3FD93BE214EF70C00A2C3CB /* Frameworks */,
				F3FD93BF214EF70C00A2C3CB /* Resources */,
			);
			buildRules = (
			);
			dependencies = (
			);
			name = "LFSR Stream cipher";
			productName = "LFSR Stream cipher";
			productReference = F3FD93C1214EF70C00A2C3CB /* LFSR Stream cipher.app */;
			productType = "com.apple.product-type.application";
		};
/* End PBXNativeTarget section */

/* Begin PBXProject section */
		F3FD93B9214EF70C00A2C3CB /* Project object */ = {
			isa = PBXProject;
			attributes = {
				LastSwiftUpdateCheck = 0940;
				LastUpgradeCheck = 0940;
				ORGANIZATIONNAME = "Kiryl Holubeu";
				TargetAttributes = {
					F3FD93C0214EF70C00A2C3CB = {
						CreatedOnToolsVersion = 9.4.1;
						SystemCapabilities = {
							com.apple.Sandbox = {
								enabled = 1;
							};
						};
					};
				};
			};
			buildConfigurationList = F3FD93BC214EF70C00A2C3CB /* Build configuration list for PBXProject "LFSR Stream cipher" */;
			compatibilityVersion = "Xcode 9.3";
			developmentRegion = en;
			hasScannedForEncodings = 0;
			knownRegions = (
				en,
				Base,
			);
			mainGroup = F3FD93B8214EF70C00A2C3CB;
			productRefGroup = F3FD93C2214EF70C00A2C3CB /* Products */;
			projectDirPath = "";
			projectRoot = "";
			targets = (
				F3FD93C0214EF70C00A2C3CB /* LFSR Stream cipher */,
			);
		};
/* End PBXProject section */

/* Begin PBXResourcesBuildPhase section */
		F3FD93BF214EF70C00A2C3CB /* Resources */ = {
			isa = PBXResourcesBuildPhase;
			buildActionMask = 2147483647;
			files = (
				F3FD93C9214EF70D00A2C3CB /* Assets.xcassets in Resources */,
				F3FD93CC214EF70D00A2C3CB /* Main.storyboard in Resources */,
			);
			runOnlyForDeploymentPostprocessing = 0;
		};
/* End PBXResourcesBuildPhase section */

/* Begin PBXSourcesBuildPhase section */
		F3FD93BD214EF70C00A2C3CB /* Sources */ = {
			isa = PBXSourcesBuildPhase;
			buildActionMask = 2147483647;
			files = (
				F3CC9CA32158DE5F00C96AED /* MainVIewController.swift in Sources */,
				F3FD93C7214EF70C00A2C3CB /* ViewController.swift in Sources */,
				F3CC9CA12158D90900C96AED /* LFSRKeyGen.swift in Sources */,
				F3FD93C5214EF70C00A2C3CB /* AppDelegate.swift in Sources */,
			);
			runOnlyForDeploymentPostprocessing = 0;
		};
/* End PBXSourcesBuildPhase section */

/* Begin PBXVariantGroup section */
		F3FD93CA214EF70D00A2C3CB /* Main.storyboard */ = {
			isa = PBXVariantGroup;
			children = (
				F3FD93CB214EF70D00A2C3CB /* Base */,
			);
			name = Main.storyboard;
			sourceTree = "<group>";
		};
/* End PBXVariantGroup section */

/* Begin XCBuildConfiguration section */
		F3FD93CF214EF70D00A2C3CB /* Debug */ = {
			isa = XCBuildConfiguration;
			buildSettings = {
				ALWAYS_SEARCH_USER_PATHS = NO;
				CLANG_ANALYZER_NONNULL = YES;
				CLANG_ANALYZER_NUMBER_OBJECT_CONVERSION = YES_AGGRESSIVE;
				CLANG_CXX_LANGUAGE_STANDARD = "gnu++14";
				CLANG_CXX_LIBRARY = "libc++";
				CLANG_ENABLE_MODULES = YES;
				CLANG_ENABLE_OBJC_ARC = YES;
				CLANG_ENABLE_OBJC_WEAK = YES;
				CLANG_WARN_BLOCK_CAPTURE_AUTORELEASING = YES;
				CLANG_WARN_BOOL_CONVERSION = YES;
				CLANG_WARN_COMMA = YES;
				CLANG_WARN_CONSTANT_CONVERSION = YES;
				CLANG_WARN_DEPRECATED_OBJC_IMPLEMENTATIONS = YES;
				CLANG_WARN_DIRECT_OBJC_ISA_USAGE = YES_ERROR;
				CLANG_WARN_DOCUMENTATION_COMMENTS = YES;
				CLANG_WARN_EMPTY_BODY = YES;
				CLANG_WARN_ENUM_CONVERSION = YES;
				CLANG_WARN_INFINITE_RECURSION = YES;
				CLANG_WARN_INT_CONVERSION = YES;
				CLANG_WARN_NON_LITERAL_NULL_CONVERSION = YES;
				CLANG_WARN_OBJC_IMPLICIT_RETAIN_SELF = YES;
				CLANG_WARN_OBJC_LITERAL_CONVERSION = YES;
				CLANG_WARN_OBJC_ROOT_CLASS = YES_ERROR;
				CLANG_WARN_RANGE_LOOP_ANALYSIS = YES;
				CLANG_WARN_STRICT_PROTOTYPES = YES;
				CLANG_WARN_SUSPICIOUS_MOVE = YES;
				CLANG_WARN_UNGUARDED_AVAILABILITY = YES_AGGRESSIVE;
				CLANG_WARN_UNREACHABLE_CODE = YES;
				CLANG_WARN__DUPLICATE_METHOD_MATCH = YES;
				CODE_SIGN_IDENTITY = "Mac Developer";
				COPY_PHASE_STRIP = NO;
				DEBUG_INFORMATION_FORMAT = dwarf;
				ENABLE_STRICT_OBJC_MSGSEND = YES;
				ENABLE_TESTABILITY = YES;
				GCC_C_LANGUAGE_STANDARD = gnu11;
				GCC_DYNAMIC_NO_PIC = NO;
				GCC_NO_COMMON_BLOCKS = YES;
				GCC_OPTIMIZATION_LEVEL = 0;
				GCC_PREPROCESSOR_DEFINITIONS = (
					"DEBUG=1",
					"$(inherited)",
				);
				GCC_WARN_64_TO_32_BIT_CONVERSION = YES;
				GCC_WARN_ABOUT_RETURN_TYPE = YES_ERROR;
				GCC_WARN_UNDECLARED_SELECTOR = YES;
				GCC_WARN_UNINITIALIZED_AUTOS = YES_AGGRESSIVE;
				GCC_WARN_UNUSED_FUNCTION = YES;
				GCC_WARN_UNUSED_VARIABLE = YES;
				MACOSX_DEPLOYMENT_TARGET = 10.13;
				MTL_ENABLE_DEBUG_INFO = YES;
				ONLY_ACTIVE_ARCH = YES;
				SDKROOT = macosx;
				SWIFT_ACTIVE_COMPILATION_CONDITIONS = DEBUG;
				SWIFT_OPTIMIZATION_LEVEL = "-Onone";
			};
			name = Debug;
		};
		F3FD93D0214EF70D00A2C3CB /* Release */ = {
			isa = XCBuildConfiguration;
			buildSettings = {
				ALWAYS_SEARCH_USER_PATHS = NO;
				CLANG_ANALYZER_NONNULL = YES;
				CLANG_ANALYZER_NUMBER_OBJECT_CONVERSION = YES_AGGRESSIVE;
				CLANG_CXX_LANGUAGE_STANDARD = "gnu++14";
				CLANG_CXX_LIBRARY = "libc++";
				CLANG_ENABLE_MODULES = YES;
				CLANG_ENABLE_OBJC_ARC = YES;
				CLANG_ENABLE_OBJC_WEAK = YES;
				CLANG_WARN_BLOCK_CAPTURE_AUTORELEASING = YES;
				CLANG_WARN_BOOL_CONVERSION = YES;
				CLANG_WARN_COMMA = YES;
				CLANG_WARN_CONSTANT_CONVERSION = YES;
				CLANG_WARN_DEPRECATED_OBJC_IMPLEMENTATIONS = YES;
				CLANG_WARN_DIRECT_OBJC_ISA_USAGE = YES_ERROR;
				CLANG_WARN_DOCUMENTATION_COMMENTS = YES;
				CLANG_WARN_EMPTY_BODY = YES;
				CLANG_WARN_ENUM_CONVERSION = YES;
				CLANG_WARN_INFINITE_RECURSION = YES;
				CLANG_WARN_INT_CONVERSION = YES;
				CLANG_WARN_NON_LITERAL_NULL_CONVERSION = YES;
				CLANG_WARN_OBJC_IMPLICIT_RETAIN_SELF = YES;
				CLANG_WARN_OBJC_LITERAL_CONVERSION = YES;
				CLANG_WARN_OBJC_ROOT_CLASS = YES_ERROR;
				CLANG_WARN_RANGE_LOOP_ANALYSIS = YES;
				CLANG_WARN_STRICT_PROTOTYPES = YES;
				CLANG_WARN_SUSPICIOUS_MOVE = YES;
				CLANG_WARN_UNGUARDED_AVAILABILITY = YES_AGGRESSIVE;
				CLANG_WARN_UNREACHABLE_CODE = YES;
				CLANG_WARN__DUPLICATE_METHOD_MATCH = YES;
				CODE_SIGN_IDENTITY = "Mac Developer";
				COPY_PHASE_STRIP = NO;
				DEBUG_INFORMATION_FORMAT = "dwarf-with-dsym";
				ENABLE_NS_ASSERTIONS = NO;
				ENABLE_STRICT_OBJC_MSGSEND = YES;
				GCC_C_LANGUAGE_STANDARD = gnu11;
				GCC_NO_COMMON_BLOCKS = YES;
				GCC_WARN_64_TO_32_BIT_CONVERSION = YES;
				GCC_WARN_ABOUT_RETURN_TYPE = YES_ERROR;
				GCC_WARN_UNDECLARED_SELECTOR = YES;
				GCC_WARN_UNINITIALIZED_AUTOS = YES_AGGRESSIVE;
				GCC_WARN_UNUSED_FUNCTION = YES;
				GCC_WARN_UNUSED_VARIABLE = YES;
				MACOSX_DEPLOYMENT_TARGET = 10.13;
				MTL_ENABLE_DEBUG_INFO = NO;
				SDKROOT = macosx;
				SWIFT_COMPILATION_MODE = wholemodule;
				SWIFT_OPTIMIZATION_LEVEL = "-O";
			};
			name = Release;
		};
		F3FD93D2214EF70D00A2C3CB /* Debug */ = {
			isa = XCBuildConfiguration;
			buildSettings = {
				ASSETCATALOG_COMPILER_APPICON_NAME = AppIcon;
				CODE_SIGN_ENTITLEMENTS = "LFSR Stream cipher/LFSR Stream cipher.entitlements";
				CODE_SIGN_STYLE = Automatic;
				COMBINE_HIDPI_IMAGES = YES;
				DEVELOPMENT_TEAM = 47K9CVZBFJ;
				INFOPLIST_FILE = "LFSR Stream cipher/Info.plist";
				LD_RUNPATH_SEARCH_PATHS = (
					"$(inherited)",
					"@executable_path/../Frameworks",
				);
				PRODUCT_BUNDLE_IDENTIFIER = "BrakhMen.LFSR-Stream-cipher";
				PRODUCT_NAME = "$(TARGET_NAME)";
				SWIFT_VERSION = 4.0;
			};
			name = Debug;
		};
		F3FD93D3214EF70D00A2C3CB /* Release */ = {
			isa = XCBuildConfiguration;
			buildSettings = {
				ASSETCATALOG_COMPILER_APPICON_NAME = AppIcon;
				CODE_SIGN_ENTITLEMENTS = "LFSR Stream cipher/LFSR Stream cipher.entitlements";
				CODE_SIGN_STYLE = Automatic;
				COMBINE_HIDPI_IMAGES = YES;
				DEVELOPMENT_TEAM = 47K9CVZBFJ;
				INFOPLIST_FILE = "LFSR Stream cipher/Info.plist";
				LD_RUNPATH_SEARCH_PATHS = (
					"$(inherited)",
					"@executable_path/../Frameworks",
				);
				PRODUCT_BUNDLE_IDENTIFIER = "BrakhMen.LFSR-Stream-cipher";
				PRODUCT_NAME = "$(TARGET_NAME)";
				SWIFT_VERSION = 4.0;
			};
			name = Release;
		};
/* End XCBuildConfiguration section */

/* Begin XCConfigurationList section */
		F3FD93BC214EF70C00A2C3CB /* Build configuration list for PBXProject "LFSR Stream cipher" */ = {
			isa = XCConfigurationList;
			buildConfigurations = (
				F3FD93CF214EF70D00A2C3CB /* Debug */,
				F3FD93D0214EF70D00A2C3CB /* Release */,
			);
			defaultConfigurationIsVisible = 0;
			defaultConfigurationName = Release;
		};
		F3FD93D1214EF70D00A2C3CB /* Build configuration list for PBXNativeTarget "LFSR Stream cipher" */ = {
			isa = XCConfigurationList;
			buildConfigurations = (
				F3FD93D2214EF70D00A2C3CB /* Debug */,
				F3FD93D3214EF70D00A2C3CB /* Release */,
			);
			defaultConfigurationIsVisible = 0;
			defaultConfigurationName = Release;
		};
/* End XCConfigurationList section */
	};
	rootObject = F3FD93B9214EF70C00A2C3CB /* Project object */;
}
